version = 1
revision = 3
requires-python = "==3.12.*"

[manifest]
members = [
    "backend",
    "insighttasklab",
]

[[package]]
name = "asgiref"
version = "3.12.1"
source = { registry = "https://pypi.org/simple" }
sdist = { url = "https://files.pythonhosted.org/packages/e6/26/3b59f2bdae5f640389becb1f673cded775287f5fc4f816309d9ca9a3f93d/asgiref-3.12.1.tar.gz", hash = "sha256:59dcb51c272ad209d59bed5708a64a333083e86017d7fcdd67498eeab7784340", size = 42378, upload-time = "2026-07-14T09:56:18.087Z" }
wheels = [
    { url = "https://files.pythonhosted.org/packages/c0/1b/54f4ad77cd8a584fa70746c47df988e002cf1ee1eba43364d46f87803647/asgiref-3.12.1-py3-none-any.whl", hash = "sha256:fe386d1c2bff7259ea95929266d12a8cf9a8b5a1c2598402967d8792e7a7c094", size = 25478, upload-time = "2026-07-14T09:56:16.926Z" },
]

[[package]]
name = "ast-serialize"
version = "0.11.1"
source = { registry = "https://pypi.org/simple" }
sdist = { url = "https://files.pythonhosted.org/packages/4e/a2/04a9383e7512c91c54b2f34b3ff86dc7d2610506f588c2bda36e952a68f7/ast_serialize-0.11.1.tar.gz", hash = "sha256:cc5db2983805f6be786488aac8c5998d5b71965488d1b18c44d435a2205a5cb4", size = 953785, upload-time = "2026-09-09T16:05:27.851Z" }
wheels = [
    { url = "https://files.pythonhosted.org/packages/8c/dd/16de2c0d23a6b298c735d4e4b56d86fa70476eef98e2c66ceaa65503b62f/ast_serialize-0.11.1-cp315-abi3.abi3t-macosx_10_12_x86_64.whl", hash = "sha256:a015ede631eeb098a23de8ec0cfe11a1dd02159ab7a26bdc7c6bde2befbbc7b4", size = 1235495, upload-time = "2026-09-09T16:04:29.654Z" },
    { url = "https://files.pythonhosted.org/packages/27/f7/302d2251e6298bbeabc8a1815c9147127031517b305001a02f34fd46b6b5/ast_serialize-0.11.1-cp315-abi3.abi3t-macosx_11_0_arm64.whl", hash = "sha256:57b7d52d1f5c92905cd648bda9efc83cac33097de1e5bb68de8feca9b5f7e87a", size = 1215642, upload-time = "2026-09-09T16:04:31.186Z" },
    { url = "https://files.pythonhosted.org/packages/93/06/93b6527646613502f364cebfb23783fa6701cdbe90761ee26144f1fa20b9/ast_serialize-0.11.1-cp315-abi3.abi3t-manylinux_2_17_aarch64.manylinux2014_aarch64.whl", hash = "sha256:e47b9b028efbc0486263a49f782ad0ae3e879855fe5a2897b59feefb78e1c40c", size = 1283526, upload-time = "2026-09-09T16:04:32.597Z" },
    { url = "https://files.pythonhosted.org/packages/2f/ac/ffb216262c9a582d039d846081b8c3017dc368cbed5a2520deca5cb7f8cb/ast_serialize-0.11.1-cp315-abi3.abi3t-manylinux_2_17_armv7l.manylinux2014_armv7l.whl", hash = "sha256:00adb748034c7b1938ec56925f9f6230ffcd9c56d47355fe32485df29b90b977", size = 1287526, upload-time = "2026-09-09T16:04:34.214Z" },
    { url = "https://files.pythonhosted.org/packages/a2/06/19a4c4837c4d5e73b982938d6da3c9ae10513b61527575b3e1b8396f9298/ast_serialize-0.11.1-cp315-abi3.abi3t-manylinux_2_17_ppc64le.manylinux2014_ppc64le.whl", hash = "sha256:82359d00ea808c260c327e43955c0190bb7baef152a01ae0b5c74d05387b9552", size = 1558354, upload-time = "2026-09-09T16:04:35.669Z" },
    { url = "https://files.pythonhosted.org/packages/e5/29/2373199907b2d97feed176115308dfb3dd0446566b047009828f266d2d66/ast_serialize-0.11.1-cp315-abi3.abi3t-manylinux_2_17_s390x.manylinux2014_s390x.whl", hash = "sha256:f35bb9ddeed4008c7d3e272dd1999885d712e1ce623b0a65ba8a8ed1d51c35cf", size = 1302731, upload-time = "2026-09-09T16:04:37.423Z" },
    { url = "https://files.pythonhosted.org/packages/33/55/ab6805a1457dbe565c84f8d36e2aa4207ef22408adfd01d225823cd07484/ast_serialize-0.11.1-cp315-abi3.abi3t-manylinux_2_17_x86_64.manylinux2014_x86_64.whl", hash = "sha256:74093ed682ba58456f0d4450da7fb62b826fddd97824d44fc4a81ca6e0bf9e23", size = 1301594, upload-time = "2026-09-09T16:04:38.861Z" },
    { url = "https://files.pythonhosted.org/packages/52/e2/4f54eab2201bb420d39bf61423abcb5d4daffd28e2270e1c5eee2bf3c0f1/ast_serialize-0.11.1-cp315-abi3.abi3t-manylinux_2_31_riscv64.whl", hash = "sha256:4dd7218870c203eff4533cfc04a39f29077d6789b20f5b746e7648fe5762a548", size = 1309355, upload-time = "2026-09-09T16:04:40.543Z" },
    { url = "https://files.pythonhosted.org/packages/10/07/755dd98664e2374080b72ccb5fea63d9f11b4bec2409a05b2a4ebc97618d/ast_serialize-0.11.1-cp315-abi3.abi3t-manylinux_2_5_i686.manylinux1_i686.whl", hash = "sha256:1e8d20700766171a8a17f89cf53d7bd9712c509460d28a51f7f98340577b78aa", size = 1356645, upload-time = "2026-09-09T16:04:42.299Z" },
    { url = "https://files.pythonhosted.org/packages/34/a0/fadbde3e108064236e2679728ce6d8247aefc81bac5fd82505b59cf69172/ast_serialize-0.11.1-cp315-abi3.abi3t-musllinux_1_2_aarch64.whl", hash = "sha256:20b3371c0403099cd55d59f4bcedb6d3994d9db3fa41711c648760a89ef2a575", size = 1459696, upload-time = "2026-09-09T16:04:44.069Z" },
    { url = "https://files.pythonhosted.org/packages/02/fd/b4f95249bd895368ea8290668e27d1f0a5c4ad888bd72a34c7beb2a500d6/ast_serialize-0.11.1-cp315-abi3.abi3t-musllinux_1_2_armv7l.whl", hash = "sha256:cc1a78b913f8665dda145999b1b4805ad2ef442ecbe3b819512cf7f95e70498a", size = 1562517, upload-time = "2026-09-09T16:04:45.461Z" },
    { url = "https://files.pythonhosted.org/packages/68/98/6afac594380410710d9d863b9ef41e9c6ca89bd901bda1464ee9e99180a8/ast_serialize-0.11.1-cp315-abi3.abi3t-musllinux_1_2_i686.whl", hash = "sha256:38f7141881e783bccc362d201d7fd7437934216b669b9fef39febc2f63fd2d9b", size = 1556951, upload-time = "2026-09-09T16:04:47.12Z" },
    { url = "https://files.pythonhosted.org/packages/ae/6f/5a81b5cbf1731f4722bc90adf4b4ace7dda69ca29837844147063aeafb22/ast_serialize-0.11.1-cp315-abi3.abi3t-musllinux_1_2_ppc64le.whl", hash = "sha256:13903a3f212ab9e5d05a6c3f2337288f4f8f4c18e6ab3817417ae7a3d46dee14", size = 1691039, upload-time = "2026-09-09T16:04:48.691Z" },
    { url = "https://files.pythonhosted.org/packages/99/eb/d9b903206cbd6d5143838367d385fa88ec49eaae2cc12f284327c6e0af05/ast_serialize-0.11.1-cp315-abi3.abi3t-musllinux_1_2_riscv64.whl", hash = "sha256:e5a9c53e64732118ae8235d0e57eb90e2333e90ff749a1a7dca6f8bfdfa5200e", size = 1483297, upload-time = "2026-09-09T16:04:50.136Z" },
    { url = "https://files.pythonhosted.org/packages/ed/48/ee13b4079ec67e9b333a87e5bb8eee643ab1b49f7173b3fca71158c6cdf6/ast_serialize-0.11.1-cp315-abi3.abi3t-musllinux_1_2_x86_64.whl", hash = "sha256:aecb606f67f21fd1c0ffba1826470d2ee400e41b23881ad9a1b2157306865b1a", size = 1501686, upload-time = "2026-09-09T16:04:51.734Z" },
    { url = "https://files.pythonhosted.org/packages/15/67/2175b79e1ee6b042e4bf8ed6871e60cafea7e9cf3fc69e87d7a9d520ae77/ast_serialize-0.11.1-cp315-abi3.abi3t-win32.whl", hash = "sha256:d1ef9c478d8c8ca83499704d13e5ac32c840ed7ca7884aaaf716166aca5a2806", size = 1119522, upload-time = "2026-09-09T16:04:53.248Z" },
    { url = "https://files.pythonhosted.org/packages/f6/c3/8c96aa5f121e9bdda0346b2df3919185eb1ec9a2cce2d20e311b4575ca0b/ast_serialize-0.11.1-cp315-abi3.abi3t-win_amd64.whl", hash = "sha256:27eef0739e0110f5db1ff5dfa38b3dadfcb6f0c31975a2b412f9f2bd72139cea", size = 1157260, upload-time = "2026-09-09T16:04:54.944Z" },
    { url = "https://files.pythonhosted.org/packages/10/bc/8aa663209e335eca73c9e1006197222b6b8dafa6665e513cdd975aa65496/ast_serialize-0.11.1-cp315-abi3.abi3t-win_arm64.whl", hash = "sha256:f9454960bbf185d33c669ccd5c9b76c96709a4542a95a65e27342c4d10dd8e20", size = 1132060, upload-time = "2026-09-09T16:04:56.501Z" },
    { url = "https://files.pythonhosted.org/packages/7f/a7/e738887429de70350d9e25f84a95efbdd086b79579a811509dee8b02d7d5/ast_serialize-0.11.1-cp39-abi3-macosx_10_12_x86_64.whl", hash = "sha256:7b9a6089f1337838492b217707e9a55d0b9b407fe9169a960fa12282abf2234c", size = 1240585, upload-time = "2026-09-09T16:04:59.616Z" },
    { url = "https://files.pythonhosted.org/packages/a1/f9/46b64fa883f3c8b8cf51629978f16d8a2da3d5c5c02f64add40864907703/ast_serialize-0.11.1-cp39-abi3-macosx_11_0_arm64.whl", hash = "sha256:68929da7fb1c7375f69641baac9519d5c41ee441cd09a591ea5dfc83107ffe6f", size = 1228038, upload-time = "2026-09-09T16:05:00.948Z" },
    { url = "https://files.pythonhosted.org/packages/ad/89/fe75c8d0f104a4be11cd0e23acecf129484c9ba06c7130033752d63a78c5/ast_serialize-0.11.1-cp39-abi3-manylinux_2_17_aarch64.manylinux2014_aarch64.whl", hash = "sha256:8945557ed3015173dbf8d44184da9621add9162720acbc0ac4832b5a091b4e8a", size = 1292388, upload-time = "2026-09-09T16:05:02.498Z" },
    { url = "https://files.pythonhosted.org/packages/cb/56/3f21c881900d8254a35195e1e962355b4d570ccd9cc193b0ba08abb81952/ast_serialize-0.11.1-cp39-abi3-manylinux_2_17_armv7l.manylinux2014_armv7l.whl", hash = "sha256:b9cbed53bb8992b72e587dd47d0ca71703f5f715420f48ed57587c06c2fcd213", size = 1294413, upload-time = "2026-09-09T16:05:04.212Z" },
    { url = "https://files.pythonhosted.org/packages/f3/b2/8d77be3dad1139158c59e370391f4990ea73f7f102983392272856bd3a63/ast_serialize-0.11.1-cp39-abi3-manylinux_2_17_ppc64le.manylinux2014_ppc64le.whl", hash = "sha256:65c836d1ab7af65e64a1dd73de82572566e838dd27529b1124eac0ac86f35e76", size = 1565921, upload-time = "2026-09-09T16:05:05.753Z" },
    { url = "https://files.pythonhosted.org/packages/94/2e/0675b5796c897f957fbdac6af0ebeeaa9a63cee866c1c54f1e5136ef5bf6/ast_serialize-0.11.1-cp39-abi3-manylinux_2_17_s390x.manylinux2014_s390x.whl", hash = "sha256:4ab6df9898600ff45149b86c12bb5aa3359cc71843ad99ad0c924d11392469ab", size = 1312160, upload-time = "2026-09-09T16:05:07.269Z" },
    { url = "https://files.pythonhosted.org/packages/93/c2/1749fa4efae0dc98aad3c3d29f0178e2609208c3ba34700b4551082e40d5/ast_serialize-0.11.1-cp39-abi3-manylinux_2_17_x86_64.manylinux2014_x86_64.whl", hash = "sha256:3eebd3dd25a81839ac7d25b5f3fb3527f6141b35eca29f63d2613fe6254307fd", size = 1312405, upload-time = "2026-09-09T16:05:08.753Z" },
    { url = "https://files.pythonhosted.org/packages/00/14/2afc9f9d7db551f805b4d5e496946dc3dc2a703d27294ccc200b6ff07a7a/ast_serialize-0.11.1-cp39-abi3-manylinux_2_31_riscv64.whl", hash = "sha256:311333c5f58f55fc04121be2c5adffa42a19e1038a43a2cef862fdf58c45bf4f", size = 1319458, upload-time = "2026-09-09T16:05:10.552Z" },
    { url = "https://files.pythonhosted.org/packages/c7/4a/8b2866d9d6d5d0b037d7bf2b74db6e75a66695c503248632116f24009a8d/ast_serialize-0.11.1-cp39-abi3-manylinux_2_5_i686.manylinux1_i686.whl", hash = "sha256:aa8d0a9f6d02e7626cdf540555bc2f5313eabe803dcca04854fc628ddf4b1058", size = 1365055, upload-time = "2026-09-09T16:05:12.069Z" },
    { url = "https://files.pythonhosted.org/packages/47/17/73119504574f9b46610ffb718501b254c8adb727d4e43c5babc3c62d4529/ast_serialize-0.11.1-cp39-abi3-musllinux_1_2_aarch64.whl", hash = "sha256:e209a797fdf8680d58d2e969a9ddb25058ea682f6cff59dbabc98d8aef4e0db1", size = 1467771, upload-time = "2026-09-09T16:05:13.458Z" },
    { url = "https://files.pythonhosted.org/packages/56/f5/776bfb7a856ba0bb9bd373b76a90230fb77b1a10c987810b621ed244d5ba/ast_serialize-0.11.1-cp39-abi3-musllinux_1_2_armv7l.whl", hash = "sha256:b391becd31e9889da438d388aac0362e3dfd222affbe45d920580c351486c787", size = 1571459, upload-time = "2026-09-09T16:05:15.15Z" },
    { url = "https://files.pythonhosted.org/packages/c7/43/86a655170ee36a8fdce65a922b7e34040bb319eb4ec251161032343c1fc3/ast_serialize-0.11.1-cp39-abi3-musllinux_1_2_i686.whl", hash = "sha256:021afb3482d27d1dace9c8999724a13083e96c7ece785e53e418bf5df3b50e0a", size = 1568959, upload-time = "2026-09-09T16:05:16.677Z" },
    { url = "https://files.pythonhosted.org/packages/ed/b1/015a3a156dc9bd46e9c4e4f24a939eb0b87179b1c53c9495ac6f088f13b4/ast_serialize-0.11.1-cp39-abi3-musllinux_1_2_ppc64le.whl", hash = "sha256:c1dc60251d93beff32d4147ecd4ccc518b0f022a900093f6f3021c2012416f0f", size = 1698173, upload-time = "2026-09-09T16:05:18.248Z" },
    { url = "https://files.pythonhosted.org/packages/0e/ea/a988b70980aca3a8a3fb731901dc911fe73a456cebbc225b767bbe5490ff/ast_serialize-0.11.1-cp39-abi3-musllinux_1_2_riscv64.whl", hash = "sha256:b77d6a2267227d68d8221cfca177f8c6d9f68019f3250401d0355d2638db9fb9", size = 1493298, upload-time = "2026-09-09T16:05:19.806Z" },
    { url = "https://files.pythonhosted.org/packages/de/15/e049b2701ddab9087d7f62448f4c2c1b1463e676baa471345cf3e4a31e1b/ast_serialize-0.11.1-cp39-abi3-musllinux_1_2_x86_64.whl", hash = "sha256:e68ac7d7fd1a5d42a3a6d726d7cc8a7e0c9987934f11c6a5162aa2cf68e81e24", size = 1510213, upload-time = "2026-09-09T16:05:21.402Z" },
    { url = "https://files.pythonhosted.org/packages/46/a2/23d555eb842d1397dce54fac31851e6f151e03a0ae74db389d9b39718c33/ast_serialize-0.11.1-cp39-abi3-win32.whl", hash = "sha256:ed449d786b9032a7b85fcd6c2f7f54c4cd0e1e1ad254d396805ff922096bf08d", size = 1125239, upload-time = "2026-09-09T16:05:22.796Z" },
    { url = "https://files.pythonhosted.org/packages/1f/4a/251f3fd1b8a5549edaedf8f3ba0b9fb5060e194d3c0ed208b593fccaeff1/ast_serialize-0.11.1-cp39-abi3-win_amd64.whl", hash = "sha256:6b43f5a9b9a8dd20ba3124914e63aa7d7427de761ac849081cda403c2112fda0", size = 1164260, upload-time = "2026-09-09T16:05:24.714Z" },
    { url = "https://files.pythonhosted.org/packages/5e/b5/08e2f643feb9e4d72d42a484949ad51238b18262a01c7036196c201cc330/ast_serialize-0.11.1-cp39-abi3-win_arm64.whl", hash = "sha256:a579ea6f473aab3958a64734194b22fbaec108ec45d994c28d3bd721e1e1da32", size = 1137533, upload-time = "2026-09-09T16:05:26.095Z" },
]

[[package]]
name = "backend"
version = "0.1.0"
source = { virtual = "backend" }
dependencies = [
    { name = "django" },
    { name = "psycopg2-binary" },
    { name = "python-dotenv" },
]

[package.metadata]
requires-dist = [
    { name = "django", specifier = ">=6.1.1" },
    { name = "psycopg2-binary", specifier = ">=2.9.13" },
    { name = "python-dotenv", specifier = ">=1.2.3" },
]

[[package]]
name = "cfgv"
version = "3.5.0"
source = { registry = "https://pypi.org/simple" }
sdist = { url = "https://files.pythonhosted.org/packages/4e/b5/721b8799b04bf9afe054a3899c6cf4e880fcf8563cc71c15610242490a0c/cfgv-3.5.0.tar.gz", hash = "sha256:d5b1034354820651caa73ede66a6294d6e95c1b00acc5e9b098e917404669132", size = 7334, upload-time = "2025-11-19T20:55:51.612Z" }
wheels = [
    { url = "https://files.pythonhosted.org/packages/db/3c/33bac158f8ab7f89b2e59426d5fe2e4f63f7ed25df84c036890172b412b5/cfgv-3.5.0-py2.py3-none-any.whl", hash = "sha256:a8dc6b26ad22ff227d2634a65cb388215ce6cc96bbcc5cfde7641ae87e8dacc0", size = 7445, upload-time = "2025-11-19T20:55:50.744Z" },
]

[[package]]
name = "distlib"
version = "0.4.3"
source = { registry = "https://pypi.org/simple" }
sdist = { url = "https://files.pythonhosted.org/packages/c9/02/bd72be9134d25ed783ecbbc38a539ffaefbf90c78418c7fb7229600dbac7/distlib-0.4.3.tar.gz", hash = "sha256:f152097224a0ae24be5a0f6bae1b9359af82133bce63f98a95f86cae1aede9ed", size = 615141, upload-time = "2026-06-12T08:04:52.847Z" }
wheels = [
    { url = "https://files.pythonhosted.org/packages/02/08/9c41fb51ab5b43eb21674aff13df270e8ba6c4b29c8624e328dc7a9482af/distlib-0.4.3-py2.py3-none-any.whl", hash = "sha256:4b0ce306c966eb73bc3a7b6abad017c556dadd92c44701562cd528ac7fde4d5b", size = 470628, upload-time = "2026-06-12T08:04:50.506Z" },
]

[[package]]
name = "django"
version = "6.1.1"
source = { registry = "https://pypi.org/simple" }
dependencies = [
    { name = "asgiref" },
    { name = "sqlparse" },
    { name = "tzdata", marker = "sys_platform == 'win32'" },
]
sdist = { url = "https://files.pythonhosted.org/packages/f8/d4/8314b5bdef20832f0ac6ae3b3e4d4924e4759fa3b4af27609dd747e7a6be/django-6.1.1.tar.gz", hash = "sha256:7ab93536d8e677aa14554c56426290c69480bf2ee68d7513d4a22f57d6bfeb84", size = 11284905, upload-time = "2026-09-02T17:20:45.621Z" }
wheels = [
    { url = "https://files.pythonhosted.org/packages/8d/ca/c1040a4fd15754ede7df15fd72fc2e123045b473b253ab5f5284e11c651e/django-6.1.1-py3-none-any.whl", hash = "sha256:585fb82bf15053c42cf52e67c2f1b54a032dca384759315fd6678ab1870d1d72", size = 8419512, upload-time = "2026-09-02T17:20:39.153Z" },
]

[[package]]
name = "filelock"
version = "3.32.6"
source = { registry = "https://pypi.org/simple" }
sdist = { url = "https://files.pythonhosted.org/packages/38/46/126b1831dca12060d4a8296bf9c4fe5c93c4f22197fa239cb0cc82042bba/filelock-3.32.6.tar.gz", hash = "sha256:a3f55a18af3652a94d8f47d6055df434f254ca1d02ef2524850c6d249ca2512c", size = 225172, upload-time = "2026-09-08T22:57:11.528Z" }
wheels = [
    { url = "https://files.pythonhosted.org/packages/cc/06/4f138f618dbea66803291274f228f01daf29f306fe8b96bc30dab765df75/filelock-3.32.6-py3-none-any.whl", hash = "sha256:3f16ecd0117feae0dfc147e8c62eb5daeccd8bd800378c3ddf416de9b4feb6b1", size = 100189, upload-time = "2026-09-08T22:57:10.182Z" },
]

[[package]]
name = "identify"
version = "2.6.19"
source = { registry = "https://pypi.org/simple" }
sdist = { url = "https://files.pythonhosted.org/packages/52/63/51723b5f116cc04b061cb6f5a561790abf249d25931d515cd375e063e0f4/identify-2.6.19.tar.gz", hash = "sha256:6be5020c38fcb07da56c53733538a3081ea5aa70d36a156f83044bfbf9173842", size = 99567, upload-time = "2026-04-17T18:39:50.265Z" }
wheels = [
    { url = "https://files.pythonhosted.org/packages/94/84/d9273cd09688070a6523c4aee4663a8538721b2b755c4962aafae0011e72/identify-2.6.19-py2.py3-none-any.whl", hash = "sha256:20e6a87f786f768c092a721ad107fc9df0eb89347be9396cadf3f4abbd1fb78a", size = 99397, upload-time = "2026-04-17T18:39:49.221Z" },
]

[[package]]
name = "insighttasklab"
version = "0.1.0"
source = { virtual = "." }

[package.dev-dependencies]
dev = [
    { name = "mypy" },
    { name = "pre-commit" },
    { name = "ruff" },
]

[package.metadata]

[package.metadata.requires-dev]
dev = [
    { name = "mypy", specifier = ">=1.13.0" },
    { name = "pre-commit", specifier = ">=4.0.0" },
    { name = "ruff", specifier = ">=0.14.0" },
]

[[package]]
name = "librt"
version = "0.15.0"
source = { registry = "https://pypi.org/simple" }
sdist = { url = "https://files.pythonhosted.org/packages/36/9b/356320fbae2ac8467e21c5e73e1389c80468e4998c62cc7d3536cc51b614/librt-0.15.0.tar.gz", hash = "sha256:4e66cbe84437497d951b799d3e1551291b6fb3d643820a7014b3655d57a59162", size = 214338, upload-time = "2026-08-07T10:49:42.663Z" }
wheels = [
    { url = "https://files.pythonhosted.org/packages/ba/39/99c25030e782bdfb7a21be8c05254806a2e4bbb05c8d50c2a2130acbfa05/librt-0.15.0-cp312-cp312-macosx_10_13_x86_64.whl", hash = "sha256:e87bc679f86a99aa3b26e3c78eeb821a247c9a28eae48eaafcc32c3bf4c3bb9e", size = 151021, upload-time = "2026-08-07T10:47:00.057Z" },
    { url = "https://files.pythonhosted.org/packages/14/43/f4b1bd1b2888798a1409808889a25ea1ba49eaabce7d681ed27734c2df9d/librt-0.15.0-cp312-cp312-macosx_11_0_arm64.whl", hash = "sha256:71599e011ac880e8e45d46047d714871894c7d4ab6f25626f8d4f89da21f368d", size = 155267, upload-time = "2026-08-07T10:47:01.311Z" },
    { url = "https://files.pythonhosted.org/packages/0c/db/3ad9c965c72f1e1d6beeec44ec10a54e17be8ae042fbb4baade16cbadced/librt-0.15.0-cp312-cp312-manylinux2014_aarch64.manylinux_2_17_aarch64.manylinux_2_28_aarch64.whl", hash = "sha256:c802434092b769b1d613ed2e13fac15fbfce1934a74bd10283b03c0fae231cd1", size = 503136, upload-time = "2026-08-07T10:47:02.45Z" },
    { url = "https://files.pythonhosted.org/packages/4b/07/5888a6d76acd62ebce66c61b74d94e9370b9c32929f111e487bb6546f8ed/librt-0.15.0-cp312-cp312-manylinux2014_i686.manylinux_2_17_i686.manylinux_2_28_i686.whl", hash = "sha256:5500eeae393a184d14e1f35645962c27129d20c81afa4069e6ef826ebc2b3aaa", size = 496670, upload-time = "2026-08-07T10:47:03.675Z" },
    { url = "https://files.pythonhosted.org/packages/29/39/ab57cc2f5b276156da02bb7f5a8921bada1cb1993ffec99acf811c602c23/librt-0.15.0-cp312-cp312-manylinux2014_ppc64le.manylinux_2_17_ppc64le.manylinux_2_28_ppc64le.whl", hash = "sha256:6ecfc32dfb46fb7b565bcd6abf9412acf978775a998273d22888a6d7953730dd", size = 513688, upload-time = "2026-08-07T10:47:04.981Z" },
    { url = "https://files.pythonhosted.org/packages/a7/b9/bdbb0b648b5c2befb031f4c6f3b1dd857415e8fb492a25a3c764a6681e6c/librt-0.15.0-cp312-cp312-manylinux2014_x86_64.manylinux_2_17_x86_64.manylinux_2_28_x86_64.whl", hash = "sha256:89cc46cfd15022e35084355478c9ac809d90b1152222706ac9a7655ec21df6fa", size = 531904, upload-time = "2026-08-07T10:47:06.211Z" },
    { url = "https://files.pythonhosted.org/packages/93/26/473c2e4b6c104e9e58e27ce95fc8005c8bd4fc36cae4f254371125a92db8/librt-0.15.0-cp312-cp312-manylinux_2_34_riscv64.manylinux_2_39_riscv64.whl", hash = "sha256:d5f51401d102c885b9ca509e62c79b1dbff286e1b9b047fde6f763780789356d", size = 524427, upload-time = "2026-08-07T10:47:07.592Z" },
    { url = "https://files.pythonhosted.org/packages/26/60/03b3abb82b41714671b907bf6989b228e31e6a8af52dec82b5b0728dc250/librt-0.15.0-cp312-cp312-musllinux_1_2_aarch64.whl", hash = "sha256:cc30523e3f1a23fb7511cc659834a0d01a1042bb9de359bc1c131cc4ec6c9656", size = 543155, upload-time = "2026-08-07T10:47:08.866Z" },
    { url = "https://files.pythonhosted.org/packages/f2/0e/9bb1f0a4affbd0a1888f4f79dc03ed2a299d9a2c26c59ab2a97dcbf11903/librt-0.15.0-cp312-cp312-musllinux_1_2_i686.whl", hash = "sha256:59fe030d8ae4a57e3fb7756bf35a858de74e04066fc8555c53d0af979132af81", size = 546890, upload-time = "2026-08-07T10:47:10.327Z" },
    { url = "https://files.pythonhosted.org/packages/dc/84/6937a280d461f7de6e031ffb02edc2b7c3c90d49d630565ce8ff27cbc5f2/librt-0.15.0-cp312-cp312-musllinux_1_2_ppc64le.whl", hash = "sha256:5a6526a2a956bbb1e4ae3568c82e650fc99119c66bb011ea60715744955a2b4d", size = 555163, upload-time = "2026-08-07T10:47:11.798Z" },
    { url = "https://files.pythonhosted.org/packages/bc/95/2a2853c1ee014bf102116e7f897a04beeaeb2461b45b79af98bdfb95f1ef/librt-0.15.0-cp312-cp312-musllinux_1_2_riscv64.whl", hash = "sha256:85ea21ec6730194d67156b0e0b5430ccb1d61f8b8b907e39b37f9812b74a13f0", size = 535812, upload-time = "2026-08-07T10:47:13.279Z" },
    { url = "https://files.pythonhosted.org/packages/c9/4c/cf9601c1b4c5f09280acd5d83abdb2e68527a2be8257136eb42304218622/librt-0.15.0-cp312-cp312-musllinux_1_2_x86_64.whl", hash = "sha256:1e47b8ba865d7ede071a91a7163073bbaeb72541f1ef8a07d512c45c7b5007f2", size = 573688, upload-time = "2026-08-07T10:47:14.727Z" },
    { url = "https://files.pythonhosted.org/packages/47/6d/9ac7cbec46189a7625af4b5acbd25f10d827f4141b2002181848c8418923/librt-0.15.0-cp312-cp312-win32.whl", hash = "sha256:a5207ec414d1c4a2a7231b2086970dc036f94293cdf338190984958a013a42f1", size = 106138, upload-time = "2026-08-07T10:47:15.973Z" },
    { url = "https://files.pythonhosted.org/packages/38/d0/2ae99c83be86ce23f925ac1aeeedc777e97f427c4a8d190c70d0a16e9a87/librt-0.15.0-cp312-cp312-win_amd64.whl", hash = "sha256:73b30cfa976659b3917c8f6153bdb0591c6a9ec6583599fd24a689b690622022", size = 126974, upload-time = "2026-08-07T10:47:17.049Z" },
    { url = "https://files.pythonhosted.org/packages/5d/ef/dd24f9635c730b86b87587967dda7516b1845e8b17684603d31607fed598/librt-0.15.0-cp312-cp312-win_arm64.whl", hash = "sha256:a54cf9e0ef47b96af580849db5471142200568ce1e02cbf416addab551369570", size = 112292, upload-time = "2026-08-07T10:47:18.222Z" },
]

[[package]]
name = "mypy"
version = "2.3.1"
source = { registry = "https://pypi.org/simple" }
dependencies = [
    { name = "ast-serialize" },
    { name = "librt", marker = "platform_python_implementation != 'PyPy'" },
    { name = "mypy-extensions" },
    { name = "pathspec" },
    { name = "typing-extensions" },
]
sdist = { url = "https://files.pythonhosted.org/packages/82/6a/878cc1097d4035f82bd516658d0c528d2a9955bc7b363afcbd0b07fea11b/mypy-2.3.1.tar.gz", hash = "sha256:47c1b1207258513a9d93495f69c8be9de73916186f0e52703e8c461b7a623419", size = 3992554, upload-time = "2026-08-15T03:03:38.549Z" }
wheels = [
    { url = "https://files.pythonhosted.org/packages/85/da/d6effc4f808a842d91edc22535dc9e799d2ff6e91449168b7f47a0771f54/mypy-2.3.1-cp312-cp312-macosx_11_0_arm64.whl", hash = "sha256:a32bbbb940af990d3be0b8af321c7b6815bb1b3b48142fe7459b9cc5f58959ff", size = 14047547, upload-time = "2026-08-15T03:02:57.707Z" },
    { url = "https://files.pythonhosted.org/packages/e4/e6/478229701dab76f26485fc8ff5d6f241f393da22447400bbc56f6946aebe/mypy-2.3.1-cp312-cp312-manylinux2014_aarch64.manylinux_2_17_aarch64.manylinux_2_28_aarch64.whl", hash = "sha256:ff715e45b2231a8e85de1d163d1b42791e4d7aab8f5145f85fee1b710b735aff", size = 14216515, upload-time = "2026-08-15T03:01:26.496Z" },
    { url = "https://files.pythonhosted.org/packages/8d/fe/7c42327a3b21e84681f691982cbfe43f334a3685f3b683b72c376476c4fa/mypy-2.3.1-cp312-cp312-manylinux2014_x86_64.manylinux_2_17_x86_64.manylinux_2_28_x86_64.whl", hash = "sha256:858fc57d3d91fa728e33e7ad71def60fc6272694607b306cd3292db53ae39080", size = 15307789, upload-time = "2026-08-15T03:03:31.62Z" },
    { url = "https://files.pythonhosted.org/packages/59/f4/7e597edbe01b5a56fa958ce541302dcaabfed979966f1dffedbea0ea0fc2/mypy-2.3.1-cp312-cp312-musllinux_1_2_x86_64.whl", hash = "sha256:851833db876e7b650f93719c74b7879a08e338979c96054fdfc3bfd90a486355", size = 15548831, upload-time = "2026-08-15T03:03:15.55Z" },
    { url = "https://files.pythonhosted.org/packages/a3/52/cb31e084bc0314a1e384bdd677a4b80e55af04ccac077545e2238b9d320a/mypy-2.3.1-cp312-cp312-win_amd64.whl", hash = "sha256:4c5095a327483591c94e0c8d3ef9e50d4ab1369b541eae007c1f23bc2a41f6bb", size = 11226359, upload-time = "2026-08-15T03:03:29.002Z" },
    { url = "https://files.pythonhosted.org/packages/7a/47/88fcf6217b43fa2da81a8c2611370af18141536a4f0294bbf98b457d456d/mypy-2.3.1-cp312-cp312-win_arm64.whl", hash = "sha256:bbfe022634a2a195406bd469e888d2eaf193b02ba7e607391cd7640374aaae3b", size = 10214707, upload-time = "2026-08-15T03:02:48.807Z" },
    { url = "https://files.pythonhosted.org/packages/8e/41/9675c7a1e78edecfba0b79e587a52594c56e189368261dc7b3a7fffb9527/mypy-2.3.1-py3-none-any.whl", hash = "sha256:6ed5c7e3419083268e5c9258bd1c1ef91af44a9e89374dbcaf37b775716e72eb", size = 2754338, upload-time = "2026-08-15T03:02:53.4Z" },
]

[[package]]
name = "mypy-extensions"
version = "1.1.0"
source = { registry = "https://pypi.org/simple" }
sdist = { url = "https://files.pythonhosted.org/packages/a2/6e/371856a3fb9d31ca8dac321cda606860fa4548858c0cc45d9d1d4ca2628b/mypy_extensions-1.1.0.tar.gz", hash = "sha256:52e68efc3284861e772bbcd66823fde5ae21fd2fdb51c62a211403730b916558", size = 6343, upload-time = "2025-04-22T14:54:24.164Z" }
wheels = [
    { url = "https://files.pythonhosted.org/packages/79/7b/2c79738432f5c924bef5071f933bcc9efd0473bac3b4aa584a6f7c1c8df8/mypy_extensions-1.1.0-py3-none-any.whl", hash = "sha256:1be4cccdb0f2482337c4743e60421de3a356cd97508abadd57d47403e94f5505", size = 4963, upload-time = "2025-04-22T14:54:22.983Z" },
]

[[package]]
name = "nodeenv"
version = "1.10.0"
source = { registry = "https://pypi.org/simple" }
sdist = { url = "https://files.pythonhosted.org/packages/24/bf/d1bda4f6168e0b2e9e5958945e01910052158313224ada5ce1fb2e1113b8/nodeenv-1.10.0.tar.gz", hash = "sha256:996c191ad80897d076bdfba80a41994c2b47c68e224c542b48feba42ba00f8bb", size = 55611, upload-time = "2025-12-20T14:08:54.006Z" }
wheels = [
    { url = "https://files.pythonhosted.org/packages/88/b2/d0896bdcdc8d28a7fc5717c305f1a861c26e18c05047949fb371034d98bd/nodeenv-1.10.0-py2.py3-none-any.whl", hash = "sha256:5bb13e3eed2923615535339b3c620e76779af4cb4c6a90deccc9e36b274d3827", size = 23438, upload-time = "2025-12-20T14:08:52.782Z" },
]

[[package]]
name = "pathspec"
version = "1.1.1"
source = { registry = "https://pypi.org/simple" }
sdist = { url = "https://files.pythonhosted.org/packages/5a/82/42f767fc1c1143d6fd36efb827202a2d997a375e160a71eb2888a925aac1/pathspec-1.1.1.tar.gz", hash = "sha256:17db5ecd524104a120e173814c90367a96a98d07c45b2e10c2f3919fff91bf5a", size = 135180, upload-time = "2026-04-27T01:46:08.907Z" }
wheels = [
    { url = "https://files.pythonhosted.org/packages/f1/d9/7fb5aa316bc299258e68c73ba3bddbc499654a07f151cba08f6153988714/pathspec-1.1.1-py3-none-any.whl", hash = "sha256:a00ce642f577bf7f473932318056212bc4f8bfdf53128c78bbd5af0b9b20b189", size = 57328, upload-time = "2026-04-27T01:46:07.06Z" },
]

[[package]]
name = "platformdirs"
version = "4.11.8"
source = { registry = "https://pypi.org/simple" }
sdist = { url = "https://files.pythonhosted.org/packages/53/18/f3bb8ef0d3b930692343da8aa4d3cbcd6749477c053959395ac81965a6e9/platformdirs-4.11.8.tar.gz", hash = "sha256:f23abafea7dd4276d1f29104b83598d7dcc567cafd07c9c951e66665645437fc", size = 37182, upload-time = "2026-09-08T22:20:42.866Z" }
wheels = [
    { url = "https://files.pythonhosted.org/packages/f4/e1/5b7b8bbb55084d1425bcb9bc823ff519e1b2be05f6ebb0089e2eacc38413/platformdirs-4.11.8-py3-none-any.whl", hash = "sha256:52f2f181bbfde907966932cc8312d967d02976422d66d537ea16092b8e291081", size = 24027, upload-time = "2026-09-08T22:20:41.537Z" },
]

[[package]]
name = "pre-commit"
version = "4.6.2"
source = { registry = "https://pypi.org/simple" }
dependencies = [
    { name = "cfgv" },
    { name = "identify" },
    { name = "nodeenv" },
    { name = "pyyaml" },
    { name = "virtualenv" },
]
sdist = { url = "https://files.pythonhosted.org/packages/74/89/1f3e8e1fc3e97de0fa963495832f581f025f29471602a309e48808244292/pre_commit-4.6.2.tar.gz", hash = "sha256:8f5d7bfb021ecdbcd9d49d89847082dd24172ccde534390081a679ad046e2441", size = 198670, upload-time = "2026-08-10T22:07:18.421Z" }
wheels = [
    { url = "https://files.pythonhosted.org/packages/45/e2/bbb7129c9e7999a6b8ee9cca3b66486c25c423ab5a75f34071798b74ce94/pre_commit-4.6.2-py2.py3-none-any.whl", hash = "sha256:e2dde9a75d3bce11bd3831c26d134df00a2803c1d818be6a0383c3dcda25dc4e", size = 226202, upload-time = "2026-08-10T22:07:16.942Z" },
]

[[package]]
name = "psycopg2-binary"
version = "2.9.13"
source = { registry = "https://pypi.org/simple" }
sdist = { url = "https://files.pythonhosted.org/packages/ed/76/7b4383014be0fcc6c1c0e24292845a14e1672cf17fca62ca0a2bd5f4563d/psycopg2_binary-2.9.13.tar.gz", hash = "sha256:e324ecf60f952d21dd11413b8bbed0951bbd99579a06fd06f28bfc37737cd373", size = 378112, upload-time = "2026-09-10T00:06:12.199Z" }
wheels = [
    { url = "https://files.pythonhosted.org/packages/fb/d1/d0125c56b865e3bc9f318d84930b2df71a729229dbb0ce12de748a82a6d7/psycopg2_binary-2.9.13-cp312-cp312-macosx_10_13_x86_64.whl", hash = "sha256:2bf9f97a6df69a5d89d054b8cf5257a0916096c479800715fbfe7974dbcb3a26", size = 3725735, upload-time = "2026-09-09T23:54:51.182Z" },
    { url = "https://files.pythonhosted.org/packages/54/a5/b5a73d0910555e38ee12c49c1740855f8a1e9776e87d65f0c51e1bab762a/psycopg2_binary-2.9.13-cp312-cp312-macosx_11_0_arm64.whl", hash = "sha256:07b7bd9f410650c34c3532162cc329f112368d78a3fc8668cb1ea9df61bc11bf", size = 3818000, upload-time = "2026-09-09T23:54:53.229Z" },
    { url = "https://files.pythonhosted.org/packages/3d/43/3e4783f62ae3f4fc19a5acf8d1c394df54458f1336febe188f317556d2a7/psycopg2_binary-2.9.13-cp312-cp312-manylinux2014_ppc64le.manylinux_2_17_ppc64le.whl", hash = "sha256:0463c00f946517f3e69192a59e6601e023ff9de45ad0a875eda3d6b1bebeb7ce", size = 4585760, upload-time = "2026-09-09T23:54:55.313Z" },
    { url = "https://files.pythonhosted.org/packages/8d/c4/a9a67ae65ad3d567eb0fc9cdf9a5a2783b779aecdcdc8945f1807b13d99e/psycopg2_binary-2.9.13-cp312-cp312-manylinux2014_x86_64.manylinux_2_17_x86_64.whl", hash = "sha256:e3861eba31f8ea8663fd876166b032fd89179e42aa63764d6feb281f13f9eb60", size = 4282380, upload-time = "2026-09-09T23:54:57.362Z" },
    { url = "https://files.pythonhosted.org/packages/b3/db/9d459d3da12e0b841cf1596579455aaa27e9e593e3e9a5a4ded5a55a7c15/psycopg2_binary-2.9.13-cp312-cp312-manylinux_2_27_aarch64.manylinux_2_28_aarch64.whl", hash = "sha256:3dc3372b3731b3ef23407fe06b94f640ef87a2bda242fa386033d5589c87514a", size = 5902039, upload-time = "2026-09-09T23:55:01.955Z" },
    { url = "https://files.pythonhosted.org/packages/d6/53/21079c10a581c50b6817498eda7c3481c1b3cdb41482bd08ebfccd3664c4/psycopg2_binary-2.9.13-cp312-cp312-manylinux_2_38_riscv64.manylinux_2_39_riscv64.whl", hash = "sha256:0405dd4d97720e7ab177aa02e493f524907c4cb3c445ac173e2627948d3d0528", size = 4119840, upload-time = "2026-09-09T23:55:04.336Z" },
    { url = "https://files.pythonhosted.org/packages/c4/ce/71e8d9e1b4f3e78157b49a5abdff50d915e95f2812550f6c9b4f2e4d5e94/psycopg2_binary-2.9.13-cp312-cp312-musllinux_1_2_aarch64.whl", hash = "sha256:b6ae51708201f501a171b02419d0c30878a743c369c9054eb1289f0f8d5979e2", size = 3661077, upload-time = "2026-09-09T23:55:06.118Z" },
    { url = "https://files.pythonhosted.org/packages/d9/54/b17616472f09a0fae96f8852692948b7eaa7c971d7629696da0e5932d996/psycopg2_binary-2.9.13-cp312-cp312-musllinux_1_2_ppc64le.whl", hash = "sha256:81682c227cc1849c4a6adf7b85274229073bb4c9d6ad5697222c695dcea5a8a7", size = 3307202, upload-time = "2026-09-09T23:55:08.061Z" },
    { url = "https://files.pythonhosted.org/packages/77/c7/d9737e222a377dac67a0ce0a2c73e7231a57f5cf18bb35a65d5c8d45d5d2/psycopg2_binary-2.9.13-cp312-cp312-musllinux_1_2_riscv64.whl", hash = "sha256:13d955f6054a705a19554364fe9888d0a6e8b0746dc7ebc08a447c7b4fd4145c", size = 3052893, upload-time = "2026-09-09T23:55:10.209Z" },
    { url = "https://files.pythonhosted.org/packages/7d/3d/c406c9f698f518c264381192c2bdf8952ee84e469ffa9f82db1411f57385/psycopg2_binary-2.9.13-cp312-cp312-musllinux_1_2_x86_64.whl", hash = "sha256:7e2405196a8cfe6cd3e54172a54452dcf85c241eaf2e9dde7190d7469f7f5ef7", size = 3355210, upload-time = "2026-09-09T23:55:11.883Z" },
    { url = "https://files.pythonhosted.org/packages/27/64/6e3a96699770af2d0d49a2002f722c69b656fc27623ff89281cf2b109644/psycopg2_binary-2.9.13-cp312-cp312-win_amd64.whl", hash = "sha256:376ebf7d8aee4b7386b2bac31fdc27911e7e57cd0a88f1e038b8b149398ac008", size = 2767784, upload-time = "2026-09-09T23:55:13.823Z" },
]

[[package]]
name = "python-discovery"
version = "1.6.0"
source = { registry = "https://pypi.org/simple" }
dependencies = [
    { name = "filelock" },
]
sdist = { url = "https://files.pythonhosted.org/packages/91/96/0f93e27c9f60a650838f2118159aa115fd5732c0716247917b7ba7ede665/python_discovery-1.6.0.tar.gz", hash = "sha256:6393b4eae1be8b2182670635e7baff89ac21cb9f8e86fd1ff40c7b1144febb4c", size = 82849, upload-time = "2026-08-28T17:30:02.366Z" }
wheels = [
    { url = "https://files.pythonhosted.org/packages/43/5e/21abf578182fb15006a57faf3711a1e659e29d600d19b6e557eae908c81d/python_discovery-1.6.0-py3-none-any.whl", hash = "sha256:d4e244cf17b8b29819ed78003d55fbacf86eda23425b075454fff9271b79377a", size = 38451, upload-time = "2026-08-28T17:30:01.236Z" },
]

[[package]]
name = "python-dotenv"
version = "1.2.3"
source = { registry = "https://pypi.org/simple" }
sdist = { url = "https://files.pythonhosted.org/packages/6a/53/ed9d74092561d4b01a2ef1349d52cdbc135e526c245f366b089cfca6de49/python_dotenv-1.2.3.tar.gz", hash = "sha256:a20a594dabeaa385725aa239d5244871c143ecb356add8a20fcf23773a6c3a35", size = 58945, upload-time = "2026-08-16T16:54:54.067Z" }
wheels = [
    { url = "https://files.pythonhosted.org/packages/0d/17/c5c6b53ddc18f297992099b3d9ec16c855c0ccc83263a21fe4d1c625ec6c/python_dotenv-1.2.3-py3-none-any.whl", hash = "sha256:904552145e8bfed22162c09dab1c2b9b54fefa7b23ba780f4f26ca0316b0f0d9", size = 22780, upload-time = "2026-08-16T16:54:52.473Z" },
]

[[package]]
name = "pyyaml"
version = "6.0.3"
source = { registry = "https://pypi.org/simple" }
sdist = { url = "https://files.pythonhosted.org/packages/05/8e/961c0007c59b8dd7729d542c61a4d537767a59645b82a0b521206e1e25c2/pyyaml-6.0.3.tar.gz", hash = "sha256:d76623373421df22fb4cf8817020cbb7ef15c725b9d5e45f17e189bfc384190f", size = 130960, upload-time = "2025-09-25T21:33:16.546Z" }
wheels = [
    { url = "https://files.pythonhosted.org/packages/d1/33/422b98d2195232ca1826284a76852ad5a86fe23e31b009c9886b2d0fb8b2/pyyaml-6.0.3-cp312-cp312-macosx_10_13_x86_64.whl", hash = "sha256:7f047e29dcae44602496db43be01ad42fc6f1cc0d8cd6c83d342306c32270196", size = 182063, upload-time = "2025-09-25T21:32:11.445Z" },
    { url = "https://files.pythonhosted.org/packages/89/a0/6cf41a19a1f2f3feab0e9c0b74134aa2ce6849093d5517a0c550fe37a648/pyyaml-6.0.3-cp312-cp312-macosx_11_0_arm64.whl", hash = "sha256:fc09d0aa354569bc501d4e787133afc08552722d3ab34836a80547331bb5d4a0", size = 173973, upload-time = "2025-09-25T21:32:12.492Z" },
    { url = "https://files.pythonhosted.org/packages/ed/23/7a778b6bd0b9a8039df8b1b1d80e2e2ad78aa04171592c8a5c43a56a6af4/pyyaml-6.0.3-cp312-cp312-manylinux2014_aarch64.manylinux_2_17_aarch64.manylinux_2_28_aarch64.whl", hash = "sha256:9149cad251584d5fb4981be1ecde53a1ca46c891a79788c0df828d2f166bda28", size = 775116, upload-time = "2025-09-25T21:32:13.652Z" },
    { url = "https://files.pythonhosted.org/packages/65/30/d7353c338e12baef4ecc1b09e877c1970bd3382789c159b4f89d6a70dc09/pyyaml-6.0.3-cp312-cp312-manylinux2014_s390x.manylinux_2_17_s390x.manylinux_2_28_s390x.whl", hash = "sha256:5fdec68f91a0c6739b380c83b951e2c72ac0197ace422360e6d5a959d8d97b2c", size = 844011, upload-time = "2025-09-25T21:32:15.21Z" },
    { url = "https://files.pythonhosted.org/packages/8b/9d/b3589d3877982d4f2329302ef98a8026e7f4443c765c46cfecc8858c6b4b/pyyaml-6.0.3-cp312-cp312-manylinux2014_x86_64.manylinux_2_17_x86_64.manylinux_2_28_x86_64.whl", hash = "sha256:ba1cc08a7ccde2d2ec775841541641e4548226580ab850948cbfda66a1befcdc", size = 807870, upload-time = "2025-09-25T21:32:16.431Z" },
    { url = "https://files.pythonhosted.org/packages/05/c0/b3be26a015601b822b97d9149ff8cb5ead58c66f981e04fedf4e762f4bd4/pyyaml-6.0.3-cp312-cp312-musllinux_1_2_aarch64.whl", hash = "sha256:8dc52c23056b9ddd46818a57b78404882310fb473d63f17b07d5c40421e47f8e", size = 761089, upload-time = "2025-09-25T21:32:17.56Z" },
    { url = "https://files.pythonhosted.org/packages/be/8e/98435a21d1d4b46590d5459a22d88128103f8da4c2d4cb8f14f2a96504e1/pyyaml-6.0.3-cp312-cp312-musllinux_1_2_x86_64.whl", hash = "sha256:41715c910c881bc081f1e8872880d3c650acf13dfa8214bad49ed4cede7c34ea", size = 790181, upload-time = "2025-09-25T21:32:18.834Z" },
    { url = "https://files.pythonhosted.org/packages/74/93/7baea19427dcfbe1e5a372d81473250b379f04b1bd3c4c5ff825e2327202/pyyaml-6.0.3-cp312-cp312-win32.whl", hash = "sha256:96b533f0e99f6579b3d4d4995707cf36df9100d67e0c8303a0c55b27b5f99bc5", size = 137658, upload-time = "2025-09-25T21:32:20.209Z" },
    { url = "https://files.pythonhosted.org/packages/86/bf/899e81e4cce32febab4fb42bb97dcdf66bc135272882d1987881a4b519e9/pyyaml-6.0.3-cp312-cp312-win_amd64.whl", hash = "sha256:5fcd34e47f6e0b794d17de1b4ff496c00986e1c83f7ab2fb8fcfe9616ff7477b", size = 154003, upload-time = "2025-09-25T21:32:21.167Z" },
    { url = "https://files.pythonhosted.org/packages/1a/08/67bd04656199bbb51dbed1439b7f27601dfb576fb864099c7ef0c3e55531/pyyaml-6.0.3-cp312-cp312-win_arm64.whl", hash = "sha256:64386e5e707d03a7e172c0701abfb7e10f0fb753ee1d773128192742712a98fd", size = 140344, upload-time = "2025-09-25T21:32:22.617Z" },
]

[[package]]
name = "ruff"
version = "0.16.7"
source = { registry = "https://pypi.org/simple" }
sdist = { url = "https://files.pythonhosted.org/packages/82/bb/5a449b9162e49b139d72f61672bd3ac1d790221f796d3304e2241fff4c58/ruff-0.16.7.tar.gz", hash = "sha256:5f71d004ac1263b22fa39462ac5ae618a4b77d58981af2cc79bf79a29c12b1a6", size = 4924184, upload-time = "2026-09-10T18:04:06.336Z" }
wheels = [
    { url = "https://files.pythonhosted.org/packages/e3/b2/c80aeeb7f9e469c0d63a85d2f1ab6e1ebfbe10ea7a8d2438b7e09e3ff09e/ruff-0.16.7-py3-none-linux_armv6l.whl", hash = "sha256:727307773e7c7f9181d3ed3a2484186e56c1fa1874255911c74585eb2c7c19f9", size = 10048917, upload-time = "2026-09-10T18:03:30.28Z" },
    { url = "https://files.pythonhosted.org/packages/7b/96/20bb7bcae008004df52afcb7ac83432d4a467f2c17b672fe46d26be231c5/ruff-0.16.7-py3-none-macosx_10_12_x86_64.whl", hash = "sha256:9d61c258deabf58f34c67bd4bb4d939c7f2e6b5f0e59c1cdd1cf771b11cde929", size = 10242929, upload-time = "2026-09-10T18:03:32.706Z" },
    { url = "https://files.pythonhosted.org/packages/90/b2/f184b0d5abec02db69cfd7e49b688ae0237554528ca777136c613bf36bee/ruff-0.16.7-py3-none-macosx_11_0_arm64.whl", hash = "sha256:7ab81118df8945e0193d0240712aa4496573595b75185c3636ed825592a0f728", size = 9847245, upload-time = "2026-09-10T18:03:34.509Z" },
    { url = "https://files.pythonhosted.org/packages/eb/2d/db1633a641866ed801e34cc6b60ef236c5e16f9b2124ab1d49cc24a5fe4f/ruff-0.16.7-py3-none-manylinux_2_17_aarch64.manylinux2014_aarch64.whl", hash = "sha256:4c196c968874fc8019da8e7163de7a1a370f111e2309b4b7dfea0fce950198d0", size = 9961780, upload-time = "2026-09-10T18:03:36.618Z" },
    { url = "https://files.pythonhosted.org/packages/4d/98/edea21e1a3e38dbbc3bf6bb068b863b3b06184cf8533a4c7dbbe208a89d5/ruff-0.16.7-py3-none-manylinux_2_17_armv7l.manylinux2014_armv7l.whl", hash = "sha256:ac8c3bd0a7e10ad31e6ce51e7a99f3cb772e69aecdd6b9ea7e99b362f62a62c0", size = 9866337, upload-time = "2026-09-10T18:03:38.805Z" },
    { url = "https://files.pythonhosted.org/packages/0b/11/a15e60d4c87b214646f116ca9d204475bf993ee1047459bc9a360fd4d6d1/ruff-0.16.7-py3-none-manylinux_2_17_i686.manylinux2014_i686.whl", hash = "sha256:398d3988edde000b5c75dc1b3f584708da9bc990de069c18909142580fec1af9", size = 10562512, upload-time = "2026-09-10T18:03:40.71Z" },
    { url = "https://files.pythonhosted.org/packages/29/42/eaff4c9b6d0c7cdf56df313a17e89ae854f5bbc0b0c8f9cce19be0ab7a8f/ruff-0.16.7-py3-none-manylinux_2_17_ppc64le.manylinux2014_ppc64le.whl", hash = "sha256:ce05b62b770a8217c4646a9c4139fca00efe8fe5d71f87df2b243ff20d4584d1", size = 11302938, upload-time = "2026-09-10T18:03:42.607Z" },
    { url = "https://files.pythonhosted.org/packages/5d/43/c75aa59a4ec181fe2ec06cab30e198c1c6d107229a9f008ae3a7c16cabd8/ruff-0.16.7-py3-none-manylinux_2_17_s390x.manylinux2014_s390x.whl", hash = "sha256:af1b576fddb9d9ef2ececfb5fadcd6a624b25070ed85e3cfcfe449fc3ff6a7b9", size = 10840857, upload-time = "2026-09-10T18:03:44.604Z" },
    { url = "https://files.pythonhosted.org/packages/21/33/81f3da371942ea031105ba679d8d6e28ec1660ccd690a45f42d381161356/ruff-0.16.7-py3-none-manylinux_2_17_x86_64.manylinux2014_x86_64.whl", hash = "sha256:9ce7f8f22df67c93ed96c717f9128eadb797144ac2bad475cf536f31d6100c55", size = 10370001, upload-time = "2026-09-10T18:03:46.706Z" },
    { url = "https://files.pythonhosted.org/packages/fa/0b/6345fb4dbf6dd0ed1cfe5d18391dc9c3f59cc81622a7b0a65b84b3e730ba/ruff-0.16.7-py3-none-manylinux_2_31_riscv64.whl", hash = "sha256:06d0e93d04f392996435ebd600c153f65b47d73fbec2415aa99c5ee5756b3a5f", size = 10548735, upload-time = "2026-09-10T18:03:48.658Z" },
    { url = "https://files.pythonhosted.org/packages/3f/4d/c5576adf511f92a328e5569dda190ecdd430da51f1a649f3a4a2fd73e21e/ruff-0.16.7-py3-none-musllinux_1_2_aarch64.whl", hash = "sha256:142151a5e7b93c1b11111337142f89dd2fbfee92161225c99a97222f22e32656", size = 10108496, upload-time = "2026-09-10T18:03:50.563Z" },
    { url = "https://files.pythonhosted.org/packages/ff/8c/667d83c16199a17a56adc6b0bd4c3beb5b767a2babcd16a56f76f9be7fd6/ruff-0.16.7-py3-none-musllinux_1_2_armv7l.whl", hash = "sha256:e6651f97a342d8b35d54d8991544ca22169b86dc54111cb604666940c431b750", size = 9860136, upload-time = "2026-09-10T18:03:52.621Z" },
    { url = "https://files.pythonhosted.org/packages/99/75/78d401106731999a1dd20cc5a6961e37e1eb9397a3b589f73f3a5ce146a3/ruff-0.16.7-py3-none-musllinux_1_2_i686.whl", hash = "sha256:ef140c6eb935fa9a84c9c607dfb2cb1b85843c192e79265b0c54f35f557ea8e5", size = 10286290, upload-time = "2026-09-10T18:03:55.207Z" },
    { url = "https://files.pythonhosted.org/packages/68/49/56f9c3a8b755df93a0ad318b2147bf4ef5dae9a7e5ec61c460109c67957f/ruff-0.16.7-py3-none-musllinux_1_2_x86_64.whl", hash = "sha256:53e39506a730fadeee0d998ed5946f30671f0db240c6c7c73bdabbe33604bb6f", size = 10745048, upload-time = "2026-09-10T18:03:57.299Z" },
    { url = "https://files.pythonhosted.org/packages/5f/ea/7f9b938a63ece4bec677ad7f9f7fa02df3383db1949ed93a382441c09a87/ruff-0.16.7-py3-none-win32.whl", hash = "sha256:2ea3470fcebcbc5df2fb0c6f3b90333fa9084c534e0111c038fa4a6ab9f1c4b7", size = 10059082, upload-time = "2026-09-10T18:03:59.632Z" },
    { url = "https://files.pythonhosted.org/packages/39/11/480a6973a927aa653e1cead6a6416008640e03a99d05b34c0434b8c6c366/ruff-0.16.7-py3-none-win_amd64.whl", hash = "sha256:7ac26aca826e9e21d0f1cb25b54ac660760a9fdd094d3e4df9848232be98cfc6", size = 10593368, upload-time = "2026-09-10T18:04:01.999Z" },
    { url = "https://files.pythonhosted.org/packages/8b/4b/51327018d056f0dad2c2238f26d1fb0f53707a9d91b75dea6d1b3039f136/ruff-0.16.7-py3-none-win_arm64.whl", hash = "sha256:aab7f39e2c9df6c596216070f98eef1207b94f8516cca20c808826974971855b", size = 10412401, upload-time = "2026-09-10T18:04:04.098Z" },
]

[[package]]
name = "sqlparse"
version = "0.6.0"
source = { registry = "https://pypi.org/simple" }
sdist = { url = "https://files.pythonhosted.org/packages/5f/d3/3f06a1006f2261d1342aefb3c71eed02f5d4ca5bdbecd86ebc12ad38306e/sqlparse-0.6.0.tar.gz", hash = "sha256:113c35c75365ab9cc9c7231d68c6428fb11c085fc8e9eb1ad659b7ddbf6cd2b9", size = 178477, upload-time = "2026-08-13T19:16:06.396Z" }
wheels = [
    { url = "https://files.pythonhosted.org/packages/d9/50/f00935da0ec7cbf325f8dc4f772ae46fbc7b672dd62876e73f0a94adda57/sqlparse-0.6.0-py3-none-any.whl", hash = "sha256:b861c0288ce2fa56209a9a6412d2e066ac664b3873b89c26c9d8415e8e32996f", size = 50070, upload-time = "2026-08-13T19:16:04.062Z" },
]

[[package]]
name = "typing-extensions"
version = "4.16.0"
source = { registry = "https://pypi.org/simple" }
sdist = { url = "https://files.pythonhosted.org/packages/f6/cc/6253133b5bb138fc3306cebfbda2c520f545d36b5be2c7255cc528bb45d6/typing_extensions-4.16.0.tar.gz", hash = "sha256:dc983d19a509c94dba722ee6abd33940f7c05a89e243c47e907eb4db6f1a43e5", size = 113555, upload-time = "2026-07-02T08:40:05.92Z" }
wheels = [
    { url = "https://files.pythonhosted.org/packages/49/d3/b8441a820a491ddfc024b0b0cf0393375b75ea13866d9c66727e54c2fc80/typing_extensions-4.16.0-py3-none-any.whl", hash = "sha256:481caa481374e813c1b176ada14e97f1f67a4539ce9cfeb3f350d78d6370c2e8", size = 45571, upload-time = "2026-07-02T08:40:04.659Z" },
]

[[package]]
name = "tzdata"
version = "2026.4"
source = { registry = "https://pypi.org/simple" }
sdist = { url = "https://files.pythonhosted.org/packages/e4/31/3d74fa778a63b98b7374323befcc0be5ab3bd94afd4096a0124e7379152c/tzdata-2026.4.tar.gz", hash = "sha256:f1b8bd365d8d210c55353f4d7f8d6d8561c0ba50d704b700d195a9424bba0d79", size = 199350, upload-time = "2026-09-12T12:56:03.251Z" }
wheels = [
    { url = "https://files.pythonhosted.org/packages/f9/bc/8737e8d54cf51106118039b83f485a4783112fab49ea9d044b234978a46e/tzdata-2026.4-py2.py3-none-any.whl", hash = "sha256:c2169a8b0a7a5e9674da5a135ccdfb2b3e671b333ed9fed17b41f73c34476e81", size = 347494, upload-time = "2026-09-12T12:56:01.67Z" },
]

[[package]]
name = "virtualenv"
version = "21.7.9"
source = { registry = "https://pypi.org/simple" }
dependencies = [
    { name = "distlib" },
    { name = "filelock" },
    { name = "platformdirs" },
    { name = "python-discovery" },
]
sdist = { url = "https://files.pythonhosted.org/packages/52/5c/ba82fdd0da13ade01453fc08277a70abc79128101319549f55f2e13f8f83/virtualenv-21.7.9.tar.gz", hash = "sha256:a7e42d81d779dec8afd7dc4be71640fb959ea861bccfa5980cb4ad9f92e30675", size = 5348882, upload-time = "2026-09-09T01:03:27.752Z" }
wheels = [
    { url = "https://files.pythonhosted.org/packages/85/fc/888c80b8da917bfc48a41887eca244f995d190bd3c01175727089fcaf27e/virtualenv-21.7.9-py3-none-any.whl", hash = "sha256:ba3b0bb41063c848d84d76a9fe3fb7711aaa0f2fe78708e8f3cd9714770e4eac", size = 5324667, upload-time = "2026-09-09T01:03:26.023Z" },
]
